
Microsoft Visual Studio Solution File, Format Version 12.00
# Visual Studio Version 16
VisualStudioVersion = 16.0.29613.14
MinimumVisualStudioVersion = 10.0.40219.1
Project("{FAE04EC0-301F-11D3-BF4B-00C04F79EFBC}") = "AppSuiteWebApp", "AppSuiteWebApp\AppSuiteWebApp.csproj", "{5DBE2EBA-4C4A-457D-8D86-35C586374549}"
EndProject
Global
	GlobalSection(SolutionConfigurationPlatforms) = preSolution
		Debug|Any CPU = Debug|Any CPU
		Release|Any CPU = Release|Any CPU
	EndGlobalSection
	GlobalSection(ProjectConfigurationPlatforms) = postSolution
		{5DBE2EBA-4C4A-457D-8D86-35C586374549}.Debug|Any CPU.ActiveCfg = Debug|Any CPU
		{5DBE2EBA-4C4A-457D-8D86-35C586374549}.Debug|Any CPU.Build.0 = Debug|Any CPU
		{5DBE2EBA-4C4A-457D-8D86-35C586374549}.Release|Any CPU.ActiveCfg = Release|Any CPU
		{5DBE2EBA-4C4A-457D-8D86-35C586374549}.Release|Any CPU.Build.0 = Release|Any CPU
	EndGlobalSection
	GlobalSection(SolutionProperties) = preSolution
		HideSolutionNode = FALSE
	EndGlobalSection
	GlobalSection(ExtensibilityGlobals) = postSolution
		SolutionGuid = {2F75B596-77F4-48D4-9BAC-A791DEB2D086}
	EndGlobalSection
EndGlobal
